
Microsoft Visual Studio Solution File, Format Version 12.00
# Visual Studio Version 16
VisualStudioVersion = 16.0.29324.140
MinimumVisualStudioVersion = 10.0.40219.1
Project("{9A19103F-16F7-4668-BE54-9A1E7A4F7556}") = "CodeCampApp", "CodeCampApp\CodeCampApp.csproj", "{881A9535-9D9F-4831-9ABA-41AF2F4DB82D}"
EndProject
Project("{9A19103F-16F7-4668-BE54-9A1E7A4F7556}") = "CodeCamp.Domain", "CodeCamp.Domain\CodeCamp.Domain.csproj", "{6F69334F-AF61-420B-B854-94AA259AB94A}"
EndProject
Project("{9A19103F-16F7-4668-BE54-9A1E7A4F7556}") = "CodeCamp.Data", "CodeCamp.Data\CodeCamp.Data.csproj", "{E9795A2A-D199-4144-8870-4AA229687C36}"
EndProject
Project("{2150E333-8FDC-42A3-9474-1A3956D46DE8}") = "UnitTest", "UnitTest", "{D7C7805C-3CD0-465B-9415-FD8F4F298705}"
EndProject
Project("{9A19103F-16F7-4668-BE54-9A1E7A4F7556}") = "CodeCamp.Data.Test", "CodeCamp.Data.Test\CodeCamp.Data.Test.csproj", "{E7FB30E0-C591-49CB-A0C9-F71A80575045}"
EndProject
Global
	GlobalSection(SolutionConfigurationPlatforms) = preSolution
		Debug|Any CPU = Debug|Any CPU
		Release|Any CPU = Release|Any CPU
	EndGlobalSection
	GlobalSection(ProjectConfigurationPlatforms) = postSolution
		{881A9535-9D9F-4831-9ABA-41AF2F4DB82D}.Debug|Any CPU.ActiveCfg = Debug|Any CPU
		{881A9535-9D9F-4831-9ABA-41AF2F4DB82D}.Debug|Any CPU.Build.0 = Debug|Any CPU
		{881A9535-9D9F-4831-9ABA-41AF2F4DB82D}.Release|Any CPU.ActiveCfg = Release|Any CPU
		{881A9535-9D9F-4831-9ABA-41AF2F4DB82D}.Release|Any CPU.Build.0 = Release|Any CPU
		{6F69334F-AF61-420B-B854-94AA259AB94A}.Debug|Any CPU.ActiveCfg = Debug|Any CPU
		{6F69334F-AF61-420B-B854-94AA259AB94A}.Debug|Any CPU.Build.0 = Debug|Any CPU
		{6F69334F-AF61-420B-B854-94AA259AB94A}.Release|Any CPU.ActiveCfg = Release|Any CPU
		{6F69334F-AF61-420B-B854-94AA259AB94A}.Release|Any CPU.Build.0 = Release|Any CPU
		{E9795A2A-D199-4144-8870-4AA229687C36}.Debug|Any CPU.ActiveCfg = Debug|Any CPU
		{E9795A2A-D199-4144-8870-4AA229687C36}.Debug|Any CPU.Build.0 = Debug|Any CPU
		{E9795A2A-D199-4144-8870-4AA229687C36}.Release|Any CPU.ActiveCfg = Release|Any CPU
		{E9795A2A-D199-4144-8870-4AA229687C36}.Release|Any CPU.Build.0 = Release|Any CPU
		{E7FB30E0-C591-49CB-A0C9-F71A80575045}.Debug|Any CPU.ActiveCfg = Debug|Any CPU
		{E7FB30E0-C591-49CB-A0C9-F71A80575045}.Debug|Any CPU.Build.0 = Debug|Any CPU
		{E7FB30E0-C591-49CB-A0C9-F71A80575045}.Release|Any CPU.ActiveCfg = Release|Any CPU
		{E7FB30E0-C591-49CB-A0C9-F71A80575045}.Release|Any CPU.Build.0 = Release|Any CPU
	EndGlobalSection
	GlobalSection(SolutionProperties) = preSolution
		HideSolutionNode = FALSE
	EndGlobalSection
	GlobalSection(NestedProjects) = preSolution
		{E7FB30E0-C591-49CB-A0C9-F71A80575045} = {D7C7805C-3CD0-465B-9415-FD8F4F298705}
	EndGlobalSection
	GlobalSection(ExtensibilityGlobals) = postSolution
		SolutionGuid = {EA1C979F-6008-4ED0-91BD-853760920A7E}
	EndGlobalSection
EndGlobal
