
Microsoft Visual Studio Solution File, Format Version 12.00
# Visual Studio Version 16
VisualStudioVersion = 16.0.29324.140
MinimumVisualStudioVersion = 10.0.40219.1
Project("{9A19103F-16F7-4668-BE54-9A1E7A4F7556}") = "CodeCampApp", "CodeCampApp\CodeCampApp.csproj", "{881A9535-9D9F-4831-9ABA-41AF2F4DB82D}"
EndProject
Project("{FAE04EC0-301F-11D3-BF4B-00C04F79EFBC}") = "CodeCamp.Domain", "CodeCamp.Domain\CodeCamp.Domain.csproj", "{6F69334F-AF61-420B-B854-94AA259AB94A}"
EndProject
Project("{FAE04EC0-301F-11D3-BF4B-00C04F79EFBC}") = "CodeCamp.Data", "CodeCamp.Data\CodeCamp.Data.csproj", "{E9795A2A-D199-4144-8870-4AA229687C36}"
EndProject
Global
	GlobalSection(SolutionConfigurationPlatforms) = preSolution
		Debug|Any CPU = Debug|Any CPU
		Release|Any CPU = Release|Any CPU
	EndGlobalSection
	GlobalSection(ProjectConfigurationPlatforms) = postSolution
		{881A9535-9D9F-4831-9ABA-41AF2F4DB82D}.Debug|Any CPU.ActiveCfg = Debug|Any CPU
		{881A9535-9D9F-4831-9ABA-41AF2F4DB82D}.Debug|Any CPU.Build.0 = Debug|Any CPU
		{881A9535-9D9F-4831-9ABA-41AF2F4DB82D}.Release|Any CPU.ActiveCfg = Release|Any CPU
		{881A9535-9D9F-4831-9ABA-41AF2F4DB82D}.Release|Any CPU.Build.0 = Release|Any CPU
		{6F69334F-AF61-420B-B854-94AA259AB94A}.Debug|Any CPU.ActiveCfg = Debug|Any CPU
		{6F69334F-AF61-420B-B854-94AA259AB94A}.Debug|Any CPU.Build.0 = Debug|Any CPU
		{6F69334F-AF61-420B-B854-94AA259AB94A}.Release|Any CPU.ActiveCfg = Release|Any CPU
		{6F69334F-AF61-420B-B854-94AA259AB94A}.Release|Any CPU.Build.0 = Release|Any CPU
		{E9795A2A-D199-4144-8870-4AA229687C36}.Debug|Any CPU.ActiveCfg = Debug|Any CPU
		{E9795A2A-D199-4144-8870-4AA229687C36}.Debug|Any CPU.Build.0 = Debug|Any CPU
		{E9795A2A-D199-4144-8870-4AA229687C36}.Release|Any CPU.ActiveCfg = Release|Any CPU
		{E9795A2A-D199-4144-8870-4AA229687C36}.Release|Any CPU.Build.0 = Release|Any CPU
	EndGlobalSection
	GlobalSection(SolutionProperties) = preSolution
		HideSolutionNode = FALSE
	EndGlobalSection
	GlobalSection(ExtensibilityGlobals) = postSolution
		SolutionGuid = {EA1C979F-6008-4ED0-91BD-853760920A7E}
	EndGlobalSection
EndGlobal
